
Microsoft Visual Studio Solution File, Format Version 12.00
# Visual Studio Version 17
VisualStudioVersion = 17.14.36429.23
MinimumVisualStudioVersion = 10.0.40219.1
Project("{2150E333-8FDC-42A3-9474-1A3956D46DE8}") = "Task0", "Task0", "{02EA681E-C7D8-13C7-8484-4AC65E1B71E8}"
EndProject
Project("{FAE04EC0-301F-11D3-BF4B-00C04F79EFBC}") = "Tyuiu.UsoltsevGP.Sprint0.Task0.V0", "Tyuiu.UsoltsevGP.Sprint0.Task0.V0\Tyuiu.UsoltsevGP.Sprint0.Task0.V0.csproj", "{972D042A-7E49-4192-B878-6F0BE454F1DD}"
EndProject
Project("{2150E333-8FDC-42A3-9474-1A3956D46DE8}") = "Task1", "Task1", "{B0978154-0412-4CAD-AEA2-E384EA044121}"
EndProject
Project("{FAE04EC0-301F-11D3-BF4B-00C04F79EFBC}") = "Tyuiu.UsoltsevGP.Sprint0.Task1.V0", "Tyuiu.UsoltsevGP.Sprint0.Task1.V0\Tyuiu.UsoltsevGP.Sprint0.Task1.V0.csproj", "{F73DAEDE-A7C2-479E-B847-044F63E07392}"
EndProject
Project("{2150E333-8FDC-42A3-9474-1A3956D46DE8}") = "Task2", "Task2", "{0F9865D7-F20E-4C9F-A11E-A33E50E15C8A}"
EndProject
Project("{FAE04EC0-301F-11D3-BF4B-00C04F79EFBC}") = "Tyuiu.UsoltsevGP.Sprint0.Task2.V0", "Tyuiu.UsoltsevGP.Sprint0.Task2.V0\Tyuiu.UsoltsevGP.Sprint0.Task2.V0.csproj", "{ADFF231F-0F1D-45F1-B314-5D4881ADE963}"
EndProject
Project("{FAE04EC0-301F-11D3-BF4B-00C04F79EFBC}") = "Tyuiu.UsoltsevGP.Sprint0.Task2.V0.Lib", "Tyuiu.UsoltsevGP.Sprint0.Task2.V0.Lib\Tyuiu.UsoltsevGP.Sprint0.Task2.V0.Lib.csproj", "{621E32B2-3463-46BD-8B78-3641B7A9123F}"
EndProject
Project("{FAE04EC0-301F-11D3-BF4B-00C04F79EFBC}") = "Tyuiu.UsoltsevGP.Sprint0.Task2.V0.Test", "Tyuiu.UsoltsevGP.Sprint0.Task2.V0.Test\Tyuiu.UsoltsevGP.Sprint0.Task2.V0.Test.csproj", "{7C33F588-4174-4234-95C7-1FD6570E798A}"
EndProject
Project("{2150E333-8FDC-42A3-9474-1A3956D46DE8}") = "Task3", "Task3", "{4E26E3F1-20C6-4D19-920A-9A6E8E8128C4}"
EndProject
Project("{FAE04EC0-301F-11D3-BF4B-00C04F79EFBC}") = "Tyuiu.UsoltsevGP.Sprint0.Task3.V0", "Tyuiu.UsoltsevGP.Sprint0.Task3.V0\Tyuiu.UsoltsevGP.Sprint0.Task3.V0.csproj", "{0603D656-2302-4A53-9F98-9B76B12B03CA}"
EndProject
Project("{FAE04EC0-301F-11D3-BF4B-00C04F79EFBC}") = "Tyuiu.UsoltsevGP.Sprint0.Task3.V0.Lib", "Tyuiu.UsoltsevGP.Sprint0.Task3.V0.Lib\Tyuiu.UsoltsevGP.Sprint0.Task3.V0.Lib.csproj", "{D91CFBCE-0D42-4B60-8432-53BCE7E2FA06}"
EndProject
Project("{FAE04EC0-301F-11D3-BF4B-00C04F79EFBC}") = "Tyuiu.UsoltsevGP.Sprint0.Task3.V0.Test", "Tyuiu.UsoltsevGP.Sprint0.Task3.V0.Test\Tyuiu.UsoltsevGP.Sprint0.Task3.V0.Test.csproj", "{A6979354-D556-47E1-B48A-B16656993C66}"
EndProject
Project("{2150E333-8FDC-42A3-9474-1A3956D46DE8}") = "Task4", "Task4", "{E60D81E1-8E69-4036-B944-3A424C2095C3}"
EndProject
Project("{FAE04EC0-301F-11D3-BF4B-00C04F79EFBC}") = "Tyuiu.UsoltsevGP.Sprint0.Task4.V0", "Tyuiu.UsoltsevGP.Sprint0.Task4.V0\Tyuiu.UsoltsevGP.Sprint0.Task4.V0.csproj", "{FC15B820-D56D-423A-8756-F0C406BCB4C6}"
EndProject
Project("{FAE04EC0-301F-11D3-BF4B-00C04F79EFBC}") = "Tyuiu.UsoltsevGP.Sprint0.Task4.V0.Lib", "Tyuiu.UsoltsevGP.Sprint0.Task4.V0.Lib\Tyuiu.UsoltsevGP.Sprint0.Task4.V0.Lib.csproj", "{7908BFB4-FC19-4209-BAAC-9A7565D2799D}"
EndProject
Project("{FAE04EC0-301F-11D3-BF4B-00C04F79EFBC}") = "Tyuiu.UsoltsevGP.Sprint0.Task4.V0.Test", "Tyuiu.UsoltsevGP.Sprint0.Task4.V0.Test\Tyuiu.UsoltsevGP.Sprint0.Task4.V0.Test.csproj", "{C0A2F700-DB93-472E-9790-5ACF65974D4E}"
EndProject
Project("{2150E333-8FDC-42A3-9474-1A3956D46DE8}") = "Task5", "Task5", "{2FDC8669-EC5C-4CA4-A4DA-801DB700AD4D}"
EndProject
Project("{FAE04EC0-301F-11D3-BF4B-00C04F79EFBC}") = "Tyuiu.UsoltsevGP.Sprint0.Task5.V0", "Tyuiu.UsoltsevGP.Sprint0.Task5.V0\Tyuiu.UsoltsevGP.Sprint0.Task5.V0.csproj", "{685EB250-C597-4587-8C46-0B36A46C50AB}"
EndProject
Project("{FAE04EC0-301F-11D3-BF4B-00C04F79EFBC}") = "Tyuiu.UsoltsevGP.Sprint0.Task5.V0.Lib", "Tyuiu.UsoltsevGP.Sprint0.Task5.V0.Lib\Tyuiu.UsoltsevGP.Sprint0.Task5.V0.Lib.csproj", "{2CA47BBC-9828-411C-94BF-D97ED3867C9C}"
EndProject
Project("{FAE04EC0-301F-11D3-BF4B-00C04F79EFBC}") = "Tyuiu.UsoltsevGP.Sprint0.Task5.V0.Test", "Tyuiu.UsoltsevGP.Sprint0.Task5.V0.Test\Tyuiu.UsoltsevGP.Sprint0.Task5.V0.Test.csproj", "{06F56499-AC80-4E1B-B273-B3951EA07297}"
EndProject
Project("{2150E333-8FDC-42A3-9474-1A3956D46DE8}") = "Task6", "Task6", "{C77A1F91-0AD7-4FAE-B884-BBCFE82116AA}"
EndProject
Project("{FAE04EC0-301F-11D3-BF4B-00C04F79EFBC}") = "Tyuiu.UsoltsevGP.Sprint0.Task6.V0", "Tyuiu.UsoltsevGP.Sprint0.Task6.V0\Tyuiu.UsoltsevGP.Sprint0.Task6.V0.csproj", "{6F990A30-AEE1-454F-BE4B-44D26277CFA6}"
EndProject
Project("{FAE04EC0-301F-11D3-BF4B-00C04F79EFBC}") = "Tyuiu.UsoltsevGP.Sprint0.Task6.V0.Lib", "Tyuiu.UsoltsevGP.Sprint0.Task6.V0.Lib\Tyuiu.UsoltsevGP.Sprint0.Task6.V0.Lib.csproj", "{77E94A00-4894-440B-A091-3D209A466580}"
EndProject
Project("{FAE04EC0-301F-11D3-BF4B-00C04F79EFBC}") = "Tyuiu.UsoltsevGP.Sprint0.Task6.V0.Test", "Tyuiu.UsoltsevGP.Sprint0.Task6.V0.Test\Tyuiu.UsoltsevGP.Sprint0.Task6.V0.Test.csproj", "{493A6D7A-B80B-4CE9-BA14-D26CA3B00898}"
EndProject
Project("{2150E333-8FDC-42A3-9474-1A3956D46DE8}") = "Task7", "Task7", "{CD29C47F-FF22-4691-8413-FD9C6A0263F7}"
EndProject
Project("{FAE04EC0-301F-11D3-BF4B-00C04F79EFBC}") = "Tyuiu.UsoltsevGP.Sprint0.Task7.V0", "Tyuiu.UsoltsevGP.Sprint0.Task7.V0\Tyuiu.UsoltsevGP.Sprint0.Task7.V0.csproj", "{EC9D6FF3-D5CF-41D5-9D39-0406212204EA}"
EndProject
Project("{FAE04EC0-301F-11D3-BF4B-00C04F79EFBC}") = "Tyuiu.UsoltsevGP.Sprint0.Task7.V0.Lib", "Tyuiu.UsoltsevGP.Sprint0.Task7.V0.Lib\Tyuiu.UsoltsevGP.Sprint0.Task7.V0.Lib.csproj", "{539AB5B9-A509-4073-80FC-DDC19C01FCBD}"
EndProject
Project("{FAE04EC0-301F-11D3-BF4B-00C04F79EFBC}") = "Tyuiu.UsoltsevGP.Sprint0.Task7.V0.Test", "Tyuiu.UsoltsevGP.Sprint0.Task7.V0.Test\Tyuiu.UsoltsevGP.Sprint0.Task7.V0.Test.csproj", "{8B6EC971-9036-4AE3-B81F-1B9648953489}"
EndProject
Global
	GlobalSection(SolutionConfigurationPlatforms) = preSolution
		Debug|Any CPU = Debug|Any CPU
		Release|Any CPU = Release|Any CPU
	EndGlobalSection
	GlobalSection(ProjectConfigurationPlatforms) = postSolution
		{972D042A-7E49-4192-B878-6F0BE454F1DD}.Debug|Any CPU.ActiveCfg = Debug|Any CPU
		{972D042A-7E49-4192-B878-6F0BE454F1DD}.Debug|Any CPU.Build.0 = Debug|Any CPU
		{972D042A-7E49-4192-B878-6F0BE454F1DD}.Release|Any CPU.ActiveCfg = Release|Any CPU
		{972D042A-7E49-4192-B878-6F0BE454F1DD}.Release|Any CPU.Build.0 = Release|Any CPU
		{F73DAEDE-A7C2-479E-B847-044F63E07392}.Debug|Any CPU.ActiveCfg = Debug|Any CPU
		{F73DAEDE-A7C2-479E-B847-044F63E07392}.Debug|Any CPU.Build.0 = Debug|Any CPU
		{F73DAEDE-A7C2-479E-B847-044F63E07392}.Release|Any CPU.ActiveCfg = Release|Any CPU
		{F73DAEDE-A7C2-479E-B847-044F63E07392}.Release|Any CPU.Build.0 = Release|Any CPU
		{ADFF231F-0F1D-45F1-B314-5D4881ADE963}.Debug|Any CPU.ActiveCfg = Debug|Any CPU
		{ADFF231F-0F1D-45F1-B314-5D4881ADE963}.Debug|Any CPU.Build.0 = Debug|Any CPU
		{ADFF231F-0F1D-45F1-B314-5D4881ADE963}.Release|Any CPU.ActiveCfg = Release|Any CPU
		{ADFF231F-0F1D-45F1-B314-5D4881ADE963}.Release|Any CPU.Build.0 = Release|Any CPU
		{621E32B2-3463-46BD-8B78-3641B7A9123F}.Debug|Any CPU.ActiveCfg = Debug|Any CPU
		{621E32B2-3463-46BD-8B78-3641B7A9123F}.Debug|Any CPU.Build.0 = Debug|Any CPU
		{621E32B2-3463-46BD-8B78-3641B7A9123F}.Release|Any CPU.ActiveCfg = Release|Any CPU
		{621E32B2-3463-46BD-8B78-3641B7A9123F}.Release|Any CPU.Build.0 = Release|Any CPU
		{7C33F588-4174-4234-95C7-1FD6570E798A}.Debug|Any CPU.ActiveCfg = Debug|Any CPU
		{7C33F588-4174-4234-95C7-1FD6570E798A}.Debug|Any CPU.Build.0 = Debug|Any CPU
		{7C33F588-4174-4234-95C7-1FD6570E798A}.Release|Any CPU.ActiveCfg = Release|Any CPU
		{7C33F588-4174-4234-95C7-1FD6570E798A}.Release|Any CPU.Build.0 = Release|Any CPU
		{0603D656-2302-4A53-9F98-9B76B12B03CA}.Debug|Any CPU.ActiveCfg = Debug|Any CPU
		{0603D656-2302-4A53-9F98-9B76B12B03CA}.Debug|Any CPU.Build.0 = Debug|Any CPU
		{0603D656-2302-4A53-9F98-9B76B12B03CA}.Release|Any CPU.ActiveCfg = Release|Any CPU
		{0603D656-2302-4A53-9F98-9B76B12B03CA}.Release|Any CPU.Build.0 = Release|Any CPU
		{D91CFBCE-0D42-4B60-8432-53BCE7E2FA06}.Debug|Any CPU.ActiveCfg = Debug|Any CPU
		{D91CFBCE-0D42-4B60-8432-53BCE7E2FA06}.Debug|Any CPU.Build.0 = Debug|Any CPU
		{D91CFBCE-0D42-4B60-8432-53BCE7E2FA06}.Release|Any CPU.ActiveCfg = Release|Any CPU
		{D91CFBCE-0D42-4B60-8432-53BCE7E2FA06}.Release|Any CPU.Build.0 = Release|Any CPU
		{A6979354-D556-47E1-B48A-B16656993C66}.Debug|Any CPU.ActiveCfg = Debug|Any CPU
		{A6979354-D556-47E1-B48A-B16656993C66}.Debug|Any CPU.Build.0 = Debug|Any CPU
		{A6979354-D556-47E1-B48A-B16656993C66}.Release|Any CPU.ActiveCfg = Release|Any CPU
		{A6979354-D556-47E1-B48A-B16656993C66}.Release|Any CPU.Build.0 = Release|Any CPU
		{FC15B820-D56D-423A-8756-F0C406BCB4C6}.Debug|Any CPU.ActiveCfg = Debug|Any CPU
		{FC15B820-D56D-423A-8756-F0C406BCB4C6}.Debug|Any CPU.Build.0 = Debug|Any CPU
		{FC15B820-D56D-423A-8756-F0C406BCB4C6}.Release|Any CPU.ActiveCfg = Release|Any CPU
		{FC15B820-D56D-423A-8756-F0C406BCB4C6}.Release|Any CPU.Build.0 = Release|Any CPU
		{7908BFB4-FC19-4209-BAAC-9A7565D2799D}.Debug|Any CPU.ActiveCfg = Debug|Any CPU
		{7908BFB4-FC19-4209-BAAC-9A7565D2799D}.Debug|Any CPU.Build.0 = Debug|Any CPU
		{7908BFB4-FC19-4209-BAAC-9A7565D2799D}.Release|Any CPU.ActiveCfg = Release|Any CPU
		{7908BFB4-FC19-4209-BAAC-9A7565D2799D}.Release|Any CPU.Build.0 = Release|Any CPU
		{C0A2F700-DB93-472E-9790-5ACF65974D4E}.Debug|Any CPU.ActiveCfg = Debug|Any CPU
		{C0A2F700-DB93-472E-9790-5ACF65974D4E}.Debug|Any CPU.Build.0 = Debug|Any CPU
		{C0A2F700-DB93-472E-9790-5ACF65974D4E}.Release|Any CPU.ActiveCfg = Release|Any CPU
		{C0A2F700-DB93-472E-9790-5ACF65974D4E}.Release|Any CPU.Build.0 = Release|Any CPU
		{685EB250-C597-4587-8C46-0B36A46C50AB}.Debug|Any CPU.ActiveCfg = Debug|Any CPU
		{685EB250-C597-4587-8C46-0B36A46C50AB}.Debug|Any CPU.Build.0 = Debug|Any CPU
		{685EB250-C597-4587-8C46-0B36A46C50AB}.Release|Any CPU.ActiveCfg = Release|Any CPU
		{685EB250-C597-4587-8C46-0B36A46C50AB}.Release|Any CPU.Build.0 = Release|Any CPU
		{2CA47BBC-9828-411C-94BF-D97ED3867C9C}.Debug|Any CPU.ActiveCfg = Debug|Any CPU
		{2CA47BBC-9828-411C-94BF-D97ED3867C9C}.Debug|Any CPU.Build.0 = Debug|Any CPU
		{2CA47BBC-9828-411C-94BF-D97ED3867C9C}.Release|Any CPU.ActiveCfg = Release|Any CPU
		{2CA47BBC-9828-411C-94BF-D97ED3867C9C}.Release|Any CPU.Build.0 = Release|Any CPU
		{06F56499-AC80-4E1B-B273-B3951EA07297}.Debug|Any CPU.ActiveCfg = Debug|Any CPU
		{06F56499-AC80-4E1B-B273-B3951EA07297}.Debug|Any CPU.Build.0 = Debug|Any CPU
		{06F56499-AC80-4E1B-B273-B3951EA07297}.Release|Any CPU.ActiveCfg = Release|Any CPU
		{06F56499-AC80-4E1B-B273-B3951EA07297}.Release|Any CPU.Build.0 = Release|Any CPU
		{6F990A30-AEE1-454F-BE4B-44D26277CFA6}.Debug|Any CPU.ActiveCfg = Debug|Any CPU
		{6F990A30-AEE1-454F-BE4B-44D26277CFA6}.Debug|Any CPU.Build.0 = Debug|Any CPU
		{6F990A30-AEE1-454F-BE4B-44D26277CFA6}.Release|Any CPU.ActiveCfg = Release|Any CPU
		{6F990A30-AEE1-454F-BE4B-44D26277CFA6}.Release|Any CPU.Build.0 = Release|Any CPU
		{77E94A00-4894-440B-A091-3D209A466580}.Debug|Any CPU.ActiveCfg = Debug|Any CPU
		{77E94A00-4894-440B-A091-3D209A466580}.Debug|Any CPU.Build.0 = Debug|Any CPU
		{77E94A00-4894-440B-A091-3D209A466580}.Release|Any CPU.ActiveCfg = Release|Any CPU
		{77E94A00-4894-440B-A091-3D209A466580}.Release|Any CPU.Build.0 = Release|Any CPU
		{493A6D7A-B80B-4CE9-BA14-D26CA3B00898}.Debug|Any CPU.ActiveCfg = Debug|Any CPU
		{493A6D7A-B80B-4CE9-BA14-D26CA3B00898}.Debug|Any CPU.Build.0 = Debug|Any CPU
		{493A6D7A-B80B-4CE9-BA14-D26CA3B00898}.Release|Any CPU.ActiveCfg = Release|Any CPU
		{493A6D7A-B80B-4CE9-BA14-D26CA3B00898}.Release|Any CPU.Build.0 = Release|Any CPU
		{EC9D6FF3-D5CF-41D5-9D39-0406212204EA}.Debug|Any CPU.ActiveCfg = Debug|Any CPU
		{EC9D6FF3-D5CF-41D5-9D39-0406212204EA}.Debug|Any CPU.Build.0 = Debug|Any CPU
		{EC9D6FF3-D5CF-41D5-9D39-0406212204EA}.Release|Any CPU.ActiveCfg = Release|Any CPU
		{EC9D6FF3-D5CF-41D5-9D39-0406212204EA}.Release|Any CPU.Build.0 = Release|Any CPU
		{539AB5B9-A509-4073-80FC-DDC19C01FCBD}.Debug|Any CPU.ActiveCfg = Debug|Any CPU
		{539AB5B9-A509-4073-80FC-DDC19C01FCBD}.Debug|Any CPU.Build.0 = Debug|Any CPU
		{539AB5B9-A509-4073-80FC-DDC19C01FCBD}.Release|Any CPU.ActiveCfg = Release|Any CPU
		{539AB5B9-A509-4073-80FC-DDC19C01FCBD}.Release|Any CPU.Build.0 = Release|Any CPU
		{8B6EC971-9036-4AE3-B81F-1B9648953489}.Debug|Any CPU.ActiveCfg = Debug|Any CPU
		{8B6EC971-9036-4AE3-B81F-1B9648953489}.Debug|Any CPU.Build.0 = Debug|Any CPU
		{8B6EC971-9036-4AE3-B81F-1B9648953489}.Release|Any CPU.ActiveCfg = Release|Any CPU
		{8B6EC971-9036-4AE3-B81F-1B9648953489}.Release|Any CPU.Build.0 = Release|Any CPU
	EndGlobalSection
	GlobalSection(SolutionProperties) = preSolution
		HideSolutionNode = FALSE
	EndGlobalSection
	GlobalSection(NestedProjects) = preSolution
		{972D042A-7E49-4192-B878-6F0BE454F1DD} = {02EA681E-C7D8-13C7-8484-4AC65E1B71E8}
		{F73DAEDE-A7C2-479E-B847-044F63E07392} = {B0978154-0412-4CAD-AEA2-E384EA044121}
		{ADFF231F-0F1D-45F1-B314-5D4881ADE963} = {0F9865D7-F20E-4C9F-A11E-A33E50E15C8A}
		{621E32B2-3463-46BD-8B78-3641B7A9123F} = {0F9865D7-F20E-4C9F-A11E-A33E50E15C8A}
		{7C33F588-4174-4234-95C7-1FD6570E798A} = {0F9865D7-F20E-4C9F-A11E-A33E50E15C8A}
		{0603D656-2302-4A53-9F98-9B76B12B03CA} = {4E26E3F1-20C6-4D19-920A-9A6E8E8128C4}
		{D91CFBCE-0D42-4B60-8432-53BCE7E2FA06} = {4E26E3F1-20C6-4D19-920A-9A6E8E8128C4}
		{A6979354-D556-47E1-B48A-B16656993C66} = {4E26E3F1-20C6-4D19-920A-9A6E8E8128C4}
		{FC15B820-D56D-423A-8756-F0C406BCB4C6} = {E60D81E1-8E69-4036-B944-3A424C2095C3}
		{7908BFB4-FC19-4209-BAAC-9A7565D2799D} = {E60D81E1-8E69-4036-B944-3A424C2095C3}
		{C0A2F700-DB93-472E-9790-5ACF65974D4E} = {E60D81E1-8E69-4036-B944-3A424C2095C3}
		{685EB250-C597-4587-8C46-0B36A46C50AB} = {2FDC8669-EC5C-4CA4-A4DA-801DB700AD4D}
		{2CA47BBC-9828-411C-94BF-D97ED3867C9C} = {2FDC8669-EC5C-4CA4-A4DA-801DB700AD4D}
		{06F56499-AC80-4E1B-B273-B3951EA07297} = {2FDC8669-EC5C-4CA4-A4DA-801DB700AD4D}
		{6F990A30-AEE1-454F-BE4B-44D26277CFA6} = {C77A1F91-0AD7-4FAE-B884-BBCFE82116AA}
		{77E94A00-4894-440B-A091-3D209A466580} = {C77A1F91-0AD7-4FAE-B884-BBCFE82116AA}
		{493A6D7A-B80B-4CE9-BA14-D26CA3B00898} = {C77A1F91-0AD7-4FAE-B884-BBCFE82116AA}
		{EC9D6FF3-D5CF-41D5-9D39-0406212204EA} = {CD29C47F-FF22-4691-8413-FD9C6A0263F7}
		{539AB5B9-A509-4073-80FC-DDC19C01FCBD} = {CD29C47F-FF22-4691-8413-FD9C6A0263F7}
		{8B6EC971-9036-4AE3-B81F-1B9648953489} = {CD29C47F-FF22-4691-8413-FD9C6A0263F7}
	EndGlobalSection
	GlobalSection(ExtensibilityGlobals) = postSolution
		SolutionGuid = {567A0E6A-85C8-40D6-8A9E-05396E7E9091}
	EndGlobalSection
EndGlobal
